<Solution>
  <Folder Name="/Modules/">
    <Project Path="Modules/Users/youtube.Modules.Users.csproj" />
    <Project Path="Modules/Channels/youtube.Modules.Channels.csproj" />
    <Project Path="Modules/Videos/youtube.Modules.Videos.csproj" />
    <Project Path="Modules/Interactions/youtube.Modules.Interactions.csproj" />
    <Project Path="Modules/Administration/youtube.Modules.Administration.csproj" />
  </Folder>
  <Project Path="youtube.SharedKernel/youtube.SharedKernel.csproj" />
  <Project Path="youtube/youtube.csproj" />
</Solution>
